// !$*UTF8*$!
{
	archiveVersion = 1;
	classes = {
	};
	objectVersion = 46;
	objects = {

/* Begin PBXBuildFile section */
		2D2120DC1B99477D00C4F1D0 /* PVZAdventureModeScene.m in Sources */ = {isa = PBXBuildFile; fileRef = 2D2120DB1B99477D00C4F1D0 /* PVZAdventureModeScene.m */; };
		2D2A69241B9160A30021F8BF /* main.m in Sources */ = {isa = PBXBuildFile; fileRef = 2D2A69231B9160A30021F8BF /* main.m */; };
		2D2A69271B9160A30021F8BF /* AppDelegate.m in Sources */ = {isa = PBXBuildFile; fileRef = 2D2A69261B9160A30021F8BF /* AppDelegate.m */; };
		2D2A69321B9160A30021F8BF /* Main.storyboard in Resources */ = {isa = PBXBuildFile; fileRef = 2D2A69301B9160A30021F8BF /* Main.storyboard */; };
		2D2A69341B9160A30021F8BF /* Images.xcassets in Resources */ = {isa = PBXBuildFile; fileRef = 2D2A69331B9160A30021F8BF /* Images.xcassets */; };
		2D2A69371B9160A30021F8BF /* LaunchScreen.xib in Resources */ = {isa = PBXBuildFile; fileRef = 2D2A69351B9160A30021F8BF /* LaunchScreen.xib */; };
		2D2A69431B9160A30021F8BF /* PlantsVsZombiesTests.m in Sources */ = {isa = PBXBuildFile; fileRef = 2D2A69421B9160A30021F8BF /* PlantsVsZombiesTests.m */; };
		2D2A694F1B9168490021F8BF /* GameViewController.m in Sources */ = {isa = PBXBuildFile; fileRef = 2D2A694E1B9168490021F8BF /* GameViewController.m */; };
		2D2A69561B9168510021F8BF /* PVZRootScene.m in Sources */ = {isa = PBXBuildFile; fileRef = 2D2A69531B9168510021F8BF /* PVZRootScene.m */; };
		2D2A69651B916EA30021F8BF /* SKScene+PVZ.m in Sources */ = {isa = PBXBuildFile; fileRef = 2D2A69641B916EA30021F8BF /* SKScene+PVZ.m */; };
		2D2A696B1B9170620021F8BF /* UIView+PVZ.m in Sources */ = {isa = PBXBuildFile; fileRef = 2D2A696A1B9170620021F8BF /* UIView+PVZ.m */; };
		2D5D419C1BA1BFB500FFF763 /* PVZBackgroundNode.m in Sources */ = {isa = PBXBuildFile; fileRef = 2D5D419B1BA1BFB500FFF763 /* PVZBackgroundNode.m */; };
		2D5D41A61BA1C72400FFF763 /* PVZTollgate.m in Sources */ = {isa = PBXBuildFile; fileRef = 2D5D41A51BA1C72400FFF763 /* PVZTollgate.m */; };
		2D5D41AD1BA1D2AD00FFF763 /* PVZCardItemNode.m in Sources */ = {isa = PBXBuildFile; fileRef = 2D5D41AC1BA1D2AD00FFF763 /* PVZCardItemNode.m */; };
		2D5D41B01BA1D32A00FFF763 /* PVZCard.m in Sources */ = {isa = PBXBuildFile; fileRef = 2D5D41AF1BA1D32A00FFF763 /* PVZCard.m */; };
		2D62D6821B98809D00CF3059 /* PVZButton.m in Sources */ = {isa = PBXBuildFile; fileRef = 2D62D6811B98809D00CF3059 /* PVZButton.m */; };
		2D62D6851B988B2A00CF3059 /* PVZProgressView.m in Sources */ = {isa = PBXBuildFile; fileRef = 2D62D6841B988B2A00CF3059 /* PVZProgressView.m */; };
		2D653A761B92CA0E00420E18 /* firstpage.jpg in Resources */ = {isa = PBXBuildFile; fileRef = 2D653A0D1B92CA0E00420E18 /* firstpage.jpg */; };
		2D653A771B92CA0E00420E18 /* PVZBackground_3.jpg in Resources */ = {isa = PBXBuildFile; fileRef = 2D653A0E1B92CA0E00420E18 /* PVZBackground_3.jpg */; };
		2D653A781B92CA0E00420E18 /* PVZBackground_0.jpg in Resources */ = {isa = PBXBuildFile; fileRef = 2D653A0F1B92CA0E00420E18 /* PVZBackground_0.jpg */; };
		2D653A791B92CA0E00420E18 /* PVZBackground_2.jpg in Resources */ = {isa = PBXBuildFile; fileRef = 2D653A101B92CA0E00420E18 /* PVZBackground_2.jpg */; };
		2D653A7A1B92CA0E00420E18 /* PVZBackground_1.jpg in Resources */ = {isa = PBXBuildFile; fileRef = 2D653A111B92CA0E00420E18 /* PVZBackground_1.jpg */; };
		2D653A7B1B92CA0E00420E18 /* PVZBackground_4.jpg in Resources */ = {isa = PBXBuildFile; fileRef = 2D653A121B92CA0E00420E18 /* PVZBackground_4.jpg */; };
		2D653A7C1B92CA0E00420E18 /* PVZBackground_7.jpg in Resources */ = {isa = PBXBuildFile; fileRef = 2D653A131B92CA0E00420E18 /* PVZBackground_7.jpg */; };
		2D653A7D1B92CA0E00420E18 /* PVZBackground_8.jpg in Resources */ = {isa = PBXBuildFile; fileRef = 2D653A141B92CA0E00420E18 /* PVZBackground_8.jpg */; };
		2D653A7E1B92CA0E00420E18 /* PVZBackground_5.jpg in Resources */ = {isa = PBXBuildFile; fileRef = 2D653A151B92CA0E00420E18 /* PVZBackground_5.jpg */; };
		2D653A7F1B92CA0E00420E18 /* PVZBackground_6.jpg in Resources */ = {isa = PBXBuildFile; fileRef = 2D653A161B92CA0E00420E18 /* PVZBackground_6.jpg */; };
		2D653A801B92CA0E00420E18 /* PB_ICE.atlas in Resources */ = {isa = PBXBuildFile; fileRef = 2D653A181B92CA0E00420E18 /* PB_ICE.atlas */; };
		2D653A811B92CA0E00420E18 /* PB_Normal.atlas in Resources */ = {isa = PBXBuildFile; fileRef = 2D653A191B92CA0E00420E18 /* PB_Normal.atlas */; };
		2D653A821B92CA0E00420E18 /* Blover.png in Resources */ = {isa = PBXBuildFile; fileRef = 2D653A1B1B92CA0E00420E18 /* Blover.png */; };
		2D653A831B92CA0E00420E18 /* Cactus.png in Resources */ = {isa = PBXBuildFile; fileRef = 2D653A1C1B92CA0E00420E18 /* Cactus.png */; };
		2D653A841B92CA0E00420E18 /* Card_CherryBomb.png in Resources */ = {isa = PBXBuildFile; fileRef = 2D653A1D1B92CA0E00420E18 /* Card_CherryBomb.png */; };
		2D653A851B92CA0E00420E18 /* Chomper.png in Resources */ = {isa = PBXBuildFile; fileRef = 2D653A1E1B92CA0E00420E18 /* Chomper.png */; };
		2D653A861B92CA0E00420E18 /* CoffeeBean.png in Resources */ = {isa = PBXBuildFile; fileRef = 2D653A1F1B92CA0E00420E18 /* CoffeeBean.png */; };
		2D653A871B92CA0E00420E18 /* DoomShroom.png in Resources */ = {isa = PBXBuildFile; fileRef = 2D653A201B92CA0E00420E18 /* DoomShroom.png */; };
		2D653A881B92CA0E00420E18 /* FlowerPot.png in Resources */ = {isa = PBXBuildFile; fileRef = 2D653A211B92CA0E00420E18 /* FlowerPot.png */; };
		2D653A891B92CA0E00420E18 /* FumeShroom.png in Resources */ = {isa = PBXBuildFile; fileRef = 2D653A221B92CA0E00420E18 /* FumeShroom.png */; };
		2D653A8A1B92CA0E00420E18 /* Garlic.png in Resources */ = {isa = PBXBuildFile; fileRef = 2D653A231B92CA0E00420E18 /* Garlic.png */; };
		2D653A8B1B92CA0E00420E18 /* GatlingPea.png in Resources */ = {isa = PBXBuildFile; fileRef = 2D653A241B92CA0E00420E18 /* GatlingPea.png */; };
		2D653A8C1B92CA0E00420E18 /* GloomShroom.png in Resources */ = {isa = PBXBuildFile; fileRef = 2D653A251B92CA0E00420E18 /* GloomShroom.png */; };
		2D653A8E1B92CA0E00420E18 /* HypnoShroom.png in Resources */ = {isa = PBXBuildFile; fileRef = 2D653A271B92CA0E00420E18 /* HypnoShroom.png */; };
		2D653A8F1B92CA0E00420E18 /* IceShroom.png in Resources */ = {isa = PBXBuildFile; fileRef = 2D653A281B92CA0E00420E18 /* IceShroom.png */; };
		2D653A901B92CA0E00420E18 /* Jalapeno.png in Resources */ = {isa = PBXBuildFile; fileRef = 2D653A291B92CA0E00420E18 /* Jalapeno.png */; };
		2D653A911B92CA0E00420E18 /* LilyPad.png in Resources */ = {isa = PBXBuildFile; fileRef = 2D653A2A1B92CA0E00420E18 /* LilyPad.png */; };
		2D653A931B92CA0E00420E18 /* Card_Peashooter.png in Resources */ = {isa = PBXBuildFile; fileRef = 2D653A2C1B92CA0E00420E18 /* Card_Peashooter.png */; };
		2D653A941B92CA0E00420E18 /* Plantern.png in Resources */ = {isa = PBXBuildFile; fileRef = 2D653A2D1B92CA0E00420E18 /* Plantern.png */; };
		2D653A961B92CA0E00420E18 /* Card_PotatoMine.png in Resources */ = {isa = PBXBuildFile; fileRef = 2D653A2F1B92CA0E00420E18 /* Card_PotatoMine.png */; };
		2D653A971B92CA0E00420E18 /* PuffShroom.png in Resources */ = {isa = PBXBuildFile; fileRef = 2D653A301B92CA0E00420E18 /* PuffShroom.png */; };
		2D653A991B92CA0E00420E18 /* PumpkinHead.png in Resources */ = {isa = PBXBuildFile; fileRef = 2D653A321B92CA0E00420E18 /* PumpkinHead.png */; };
		2D653A9A1B92CA0E00420E18 /* Repeater.png in Resources */ = {isa = PBXBuildFile; fileRef = 2D653A331B92CA0E00420E18 /* Repeater.png */; };
		2D653A9B1B92CA0E00420E18 /* ScaredyShroom.png in Resources */ = {isa = PBXBuildFile; fileRef = 2D653A341B92CA0E00420E18 /* ScaredyShroom.png */; };
		2D653A9C1B92CA0E00420E18 /* SeaShroom.png in Resources */ = {isa = PBXBuildFile; fileRef = 2D653A351B92CA0E00420E18 /* SeaShroom.png */; };
		2D653A9D1B92CA0E00420E18 /* Card_SnowPea.png in Resources */ = {isa = PBXBuildFile; fileRef = 2D653A361B92CA0E00420E18 /* Card_SnowPea.png */; };
		2D653A9E1B92CA0E00420E18 /* Spikerock.png in Resources */ = {isa = PBXBuildFile; fileRef = 2D653A371B92CA0E00420E18 /* Spikerock.png */; };
		2D653A9F1B92CA0E00420E18 /* Card_Spikeweed.png in Resources */ = {isa = PBXBuildFile; fileRef = 2D653A381B92CA0E00420E18 /* Card_Spikeweed.png */; };
		2D653AA01B92CA0E00420E18 /* SplitPea.png in Resources */ = {isa = PBXBuildFile; fileRef = 2D653A391B92CA0E00420E18 /* SplitPea.png */; };
		2D653AA11B92CA0E00420E18 /* Squash.png in Resources */ = {isa = PBXBuildFile; fileRef = 2D653A3A1B92CA0E00420E18 /* Squash.png */; };
		2D653AA21B92CA0E00420E18 /* Starfruit.png in Resources */ = {isa = PBXBuildFile; fileRef = 2D653A3B1B92CA0E00420E18 /* Starfruit.png */; };
		2D653AA31B92CA0E00420E18 /* Card_SunFlower.png in Resources */ = {isa = PBXBuildFile; fileRef = 2D653A3C1B92CA0E00420E18 /* Card_SunFlower.png */; };
		2D653AA41B92CA0E00420E18 /* SunShroom.png in Resources */ = {isa = PBXBuildFile; fileRef = 2D653A3D1B92CA0E00420E18 /* SunShroom.png */; };
		2D653AA51B92CA0E00420E18 /* TallNut.png in Resources */ = {isa = PBXBuildFile; fileRef = 2D653A3E1B92CA0E00420E18 /* TallNut.png */; };
		2D653AA61B92CA0E00420E18 /* Threepeater.png in Resources */ = {isa = PBXBuildFile; fileRef = 2D653A3F1B92CA0E00420E18 /* Threepeater.png */; };
		2D653AA71B92CA0E00420E18 /* Torchwood.png in Resources */ = {isa = PBXBuildFile; fileRef = 2D653A401B92CA0E00420E18 /* Torchwood.png */; };
		2D653AA91B92CA0E00420E18 /* TwinSunflower.png in Resources */ = {isa = PBXBuildFile; fileRef = 2D653A421B92CA0E00420E18 /* TwinSunflower.png */; };
		2D653AAB1B92CA0E00420E18 /* Card_WallNut.png in Resources */ = {isa = PBXBuildFile; fileRef = 2D653A441B92CA0E00420E18 /* Card_WallNut.png */; };
		2D653AAC1B92CA0E00420E18 /* MainMenu.atlas in Resources */ = {isa = PBXBuildFile; fileRef = 2D653A461B92CA0E00420E18 /* MainMenu.atlas */; };
		2D653AAD1B92CA0E00420E18 /* Menu.atlas in Resources */ = {isa = PBXBuildFile; fileRef = 2D653A471B92CA0E00420E18 /* Menu.atlas */; };
		2D653AAE1B92CA0E00420E18 /* sod1row.png in Resources */ = {isa = PBXBuildFile; fileRef = 2D653A481B92CA0E00420E18 /* sod1row.png */; };
		2D653AAF1B92CA0E00420E18 /* sod3row.png in Resources */ = {isa = PBXBuildFile; fileRef = 2D653A491B92CA0E00420E18 /* sod3row.png */; };
		2D653AB11B92CA0E00420E18 /* CherryBomb.atlas in Resources */ = {isa = PBXBuildFile; fileRef = 2D653A4C1B92CA0E00420E18 /* CherryBomb.atlas */; };
		2D653AB21B92CA0E00420E18 /* Peashooter.atlas in Resources */ = {isa = PBXBuildFile; fileRef = 2D653A4D1B92CA0E00420E18 /* Peashooter.atlas */; };
		2D653AB31B92CA0E00420E18 /* SnowPea.atlas in Resources */ = {isa = PBXBuildFile; fileRef = 2D653A4E1B92CA0E00420E18 /* SnowPea.atlas */; };
		2D653AB41B92CA0E00420E18 /* SunFlower.atlas in Resources */ = {isa = PBXBuildFile; fileRef = 2D653A4F1B92CA0E00420E18 /* SunFlower.atlas */; };
		2D653AB51B92CA0E00420E18 /* Threepeater.atlas in Resources */ = {isa = PBXBuildFile; fileRef = 2D653A501B92CA0E00420E18 /* Threepeater.atlas */; };
		2D653AB61B92CA0E00420E18 /* WallNut.atlas in Resources */ = {isa = PBXBuildFile; fileRef = 2D653A511B92CA0E00420E18 /* WallNut.atlas */; };
		2D653AB71B92CA0E00420E18 /* Sun.atlas in Resources */ = {isa = PBXBuildFile; fileRef = 2D653A531B92CA0E00420E18 /* Sun.atlas */; };
		2D653AB81B92CA0E00420E18 /* BoomDie.atlas in Resources */ = {isa = PBXBuildFile; fileRef = 2D653A551B92CA0E00420E18 /* BoomDie.atlas */; };
		2D653AB91B92CA0E00420E18 /* BucketheadZombie.atlas in Resources */ = {isa = PBXBuildFile; fileRef = 2D653A561B92CA0E00420E18 /* BucketheadZombie.atlas */; };
		2D653ABA1B92CA0E00420E18 /* BucketheadZombieAttack.atlas in Resources */ = {isa = PBXBuildFile; fileRef = 2D653A571B92CA0E00420E18 /* BucketheadZombieAttack.atlas */; };
		2D653ABB1B92CA0E00420E18 /* ConeheadZombie.atlas in Resources */ = {isa = PBXBuildFile; fileRef = 2D653A581B92CA0E00420E18 /* ConeheadZombie.atlas */; };
		2D653ABC1B92CA0E00420E18 /* ConeheadZombieAttack.atlas in Resources */ = {isa = PBXBuildFile; fileRef = 2D653A591B92CA0E00420E18 /* ConeheadZombieAttack.atlas */; };
		2D653ABD1B92CA0E00420E18 /* FlagZombie.atlas in Resources */ = {isa = PBXBuildFile; fileRef = 2D653A5A1B92CA0E00420E18 /* FlagZombie.atlas */; };
		2D653ABE1B92CA0E00420E18 /* FlagZombieAttack.atlas in Resources */ = {isa = PBXBuildFile; fileRef = 2D653A5B1B92CA0E00420E18 /* FlagZombieAttack.atlas */; };
		2D653ABF1B92CA0E00420E18 /* FlagZombieLostHead.atlas in Resources */ = {isa = PBXBuildFile; fileRef = 2D653A5C1B92CA0E00420E18 /* FlagZombieLostHead.atlas */; };
		2D653AC01B92CA0E00420E18 /* FlagZombieLostHeadAttack.atlas in Resources */ = {isa = PBXBuildFile; fileRef = 2D653A5D1B92CA0E00420E18 /* FlagZombieLostHeadAttack.atlas */; };
		2D653AC11B92CA0E00420E18 /* PoleVaultingZombie.atlas in Resources */ = {isa = PBXBuildFile; fileRef = 2D653A5E1B92CA0E00420E18 /* PoleVaultingZombie.atlas */; };
		2D653AC21B92CA0E00420E18 /* PoleVaultingZombieAttack.atlas in Resources */ = {isa = PBXBuildFile; fileRef = 2D653A5F1B92CA0E00420E18 /* PoleVaultingZombieAttack.atlas */; };
		2D653AC31B92CA0E00420E18 /* PoleVaultingZombieDie.atlas in Resources */ = {isa = PBXBuildFile; fileRef = 2D653A601B92CA0E00420E18 /* PoleVaultingZombieDie.atlas */; };
		2D653AC41B92CA0E00420E18 /* PoleVaultingZombieHead.atlas in Resources */ = {isa = PBXBuildFile; fileRef = 2D653A611B92CA0E00420E18 /* PoleVaultingZombieHead.atlas */; };
		2D653AC51B92CA0E00420E18 /* PoleVaultingZombieJump.atlas in Resources */ = {isa = PBXBuildFile; fileRef = 2D653A621B92CA0E00420E18 /* PoleVaultingZombieJump.atlas */; };
		2D653AC61B92CA0E00420E18 /* PoleVaultingZombieJump2.atlas in Resources */ = {isa = PBXBuildFile; fileRef = 2D653A631B92CA0E00420E18 /* PoleVaultingZombieJump2.atlas */; };
		2D653AC71B92CA0E00420E18 /* PoleVaultingZombieLostHead.atlas in Resources */ = {isa = PBXBuildFile; fileRef = 2D653A641B92CA0E00420E18 /* PoleVaultingZombieLostHead.atlas */; };
		2D653AC81B92CA0E00420E18 /* PoleVaultingZombieLostHeadAttack.atlas in Resources */ = {isa = PBXBuildFile; fileRef = 2D653A651B92CA0E00420E18 /* PoleVaultingZombieLostHeadAttack.atlas */; };
		2D653AC91B92CA0E00420E18 /* PoleVaultingZombieLostHeadWalk.atlas in Resources */ = {isa = PBXBuildFile; fileRef = 2D653A661B92CA0E00420E18 /* PoleVaultingZombieLostHeadWalk.atlas */; };
		2D653ACA1B92CA0E00420E18 /* PoleVaultingZombieWalk.atlas in Resources */ = {isa = PBXBuildFile; fileRef = 2D653A671B92CA0E00420E18 /* PoleVaultingZombieWalk.atlas */; };
		2D653ACB1B92CA0E00420E18 /* PrepareGrowPlants.atlas in Resources */ = {isa = PBXBuildFile; fileRef = 2D653A681B92CA0E00420E18 /* PrepareGrowPlants.atlas */; };
		2D653ACC1B92CA0E00420E18 /* Zombie.atlas in Resources */ = {isa = PBXBuildFile; fileRef = 2D653A691B92CA0E00420E18 /* Zombie.atlas */; };
		2D653ACD1B92CA0E00420E18 /* Zombie3.atlas in Resources */ = {isa = PBXBuildFile; fileRef = 2D653A6A1B92CA0E00420E18 /* Zombie3.atlas */; };
		2D653ACE1B92CA0E00420E18 /* ZombieAttack.atlas in Resources */ = {isa = PBXBuildFile; fileRef = 2D653A6B1B92CA0E00420E18 /* ZombieAttack.atlas */; };
		2D653ACF1B92CA0E00420E18 /* ZombieDie.atlas in Resources */ = {isa = PBXBuildFile; fileRef = 2D653A6C1B92CA0E00420E18 /* ZombieDie.atlas */; };
		2D653AD01B92CA0E00420E18 /* ZombieHead.atlas in Resources */ = {isa = PBXBuildFile; fileRef = 2D653A6D1B92CA0E00420E18 /* ZombieHead.atlas */; };
		2D653AD11B92CA0E00420E18 /* ZombieLostHead.atlas in Resources */ = {isa = PBXBuildFile; fileRef = 2D653A6E1B92CA0E00420E18 /* ZombieLostHead.atlas */; };
		2D653AD21B92CA0E00420E18 /* ZombieLostHeadAttack.atlas in Resources */ = {isa = PBXBuildFile; fileRef = 2D653A6F1B92CA0E00420E18 /* ZombieLostHeadAttack.atlas */; };
		2D653AD31B92CA0E00420E18 /* game1.mp3 in Resources */ = {isa = PBXBuildFile; fileRef = 2D653A711B92CA0E00420E18 /* game1.mp3 */; };
		2D653AD41B92CA0E00420E18 /* game2.mp3 in Resources */ = {isa = PBXBuildFile; fileRef = 2D653A721B92CA0E00420E18 /* game2.mp3 */; };
		2D653AD51B92CA0E00420E18 /* game3.mp3 in Resources */ = {isa = PBXBuildFile; fileRef = 2D653A731B92CA0E00420E18 /* game3.mp3 */; };
		2D653AD61B92CA0E00420E18 /* gameScene.mp3 in Resources */ = {isa = PBXBuildFile; fileRef = 2D653A741B92CA0E00420E18 /* gameScene.mp3 */; };
		2D653AD71B92CA0E00420E18 /* rootScene.mp3 in Resources */ = {isa = PBXBuildFile; fileRef = 2D653A751B92CA0E00420E18 /* rootScene.mp3 */; };
		2D653ADC1B92D25300420E18 /* PVZConfigration.m in Sources */ = {isa = PBXBuildFile; fileRef = 2D653ADB1B92D25300420E18 /* PVZConfigration.m */; };
		2D653ADF1B92D28B00420E18 /* PVZAudioPlayer.m in Sources */ = {isa = PBXBuildFile; fileRef = 2D653ADE1B92D28B00420E18 /* PVZAudioPlayer.m */; };
		2D653AE61B92DBD200420E18 /* common.m in Sources */ = {isa = PBXBuildFile; fileRef = 2D653AE51B92DBD200420E18 /* common.m */; };
		2D68E6281BA304EB005145D5 /* PVZCardMenuNode.m in Sources */ = {isa = PBXBuildFile; fileRef = 2D68E6271BA304EB005145D5 /* PVZCardMenuNode.m */; };
		2D68E6301BA31029005145D5 /* PVZSunMenuNode.m in Sources */ = {isa = PBXBuildFile; fileRef = 2D68E62F1BA31029005145D5 /* PVZSunMenuNode.m */; };
		2DC8D6DD1B9304CC00EE2484 /* LoadingPage.png in Resources */ = {isa = PBXBuildFile; fileRef = 2DC8D6DC1B9304CC00EE2484 /* LoadingPage.png */; };
		2DC8D6E41B93056B00EE2484 /* fp_floor.png in Resources */ = {isa = PBXBuildFile; fileRef = 2DC8D6DF1B93056B00EE2484 /* fp_floor.png */; };
		2DC8D6E51B93056B00EE2484 /* fp_grass.png in Resources */ = {isa = PBXBuildFile; fileRef = 2DC8D6E01B93056B00EE2484 /* fp_grass.png */; };
		2DC8D6E71B93056B00EE2484 /* fp_title.png in Resources */ = {isa = PBXBuildFile; fileRef = 2DC8D6E21B93056B00EE2484 /* fp_title.png */; };
		2DC8D6E81B93056B00EE2484 /* fp_tag.png in Resources */ = {isa = PBXBuildFile; fileRef = 2DC8D6E31B93056B00EE2484 /* fp_tag.png */; };
/* End PBXBuildFile section */

/* Begin PBXContainerItemProxy section */
		2D2A693D1B9160A30021F8BF /* PBXContainerItemProxy */ = {
			isa = PBXContainerItemProxy;
			containerPortal = 2D2A69161B9160A30021F8BF /* Project object */;
			proxyType = 1;
			remoteGlobalIDString = 2D2A691D1B9160A30021F8BF;
			remoteInfo = PlantsVsZombies;
		};
/* End PBXContainerItemProxy section */

/* Begin PBXFileReference section */
		2D2120DA1B99477D00C4F1D0 /* PVZAdventureModeScene.h */ = {isa = PBXFileReference; fileEncoding = 4; lastKnownFileType = sourcecode.c.h; path = PVZAdventureModeScene.h; sourceTree = "<group>"; };
		2D2120DB1B99477D00C4F1D0 /* PVZAdventureModeScene.m */ = {isa = PBXFileReference; fileEncoding = 4; lastKnownFileType = sourcecode.c.objc; path = PVZAdventureModeScene.m; sourceTree = "<group>"; };
		2D2A691E1B9160A30021F8BF /* PlantsVsZombies.app */ = {isa = PBXFileReference; explicitFileType = wrapper.application; includeInIndex = 0; path = PlantsVsZombies.app; sourceTree = BUILT_PRODUCTS_DIR; };
		2D2A69221B9160A30021F8BF /* Info.plist */ = {isa = PBXFileReference; lastKnownFileType = text.plist.xml; path = Info.plist; sourceTree = "<group>"; };
		2D2A69231B9160A30021F8BF /* main.m */ = {isa = PBXFileReference; lastKnownFileType = sourcecode.c.objc; path = main.m; sourceTree = "<group>"; };
		2D2A69251B9160A30021F8BF /* AppDelegate.h */ = {isa = PBXFileReference; lastKnownFileType = sourcecode.c.h; path = AppDelegate.h; sourceTree = "<group>"; };
		2D2A69261B9160A30021F8BF /* AppDelegate.m */ = {isa = PBXFileReference; lastKnownFileType = sourcecode.c.objc; path = AppDelegate.m; sourceTree = "<group>"; };
		2D2A69311B9160A30021F8BF /* Base */ = {isa = PBXFileReference; lastKnownFileType = file.storyboard; name = Base; path = Base.lproj/Main.storyboard; sourceTree = "<group>"; };
		2D2A69331B9160A30021F8BF /* Images.xcassets */ = {isa = PBXFileReference; lastKnownFileType = folder.assetcatalog; path = Images.xcassets; sourceTree = "<group>"; };
		2D2A69361B9160A30021F8BF /* Base */ = {isa = PBXFileReference; lastKnownFileType = file.xib; name = Base; path = Base.lproj/LaunchScreen.xib; sourceTree = "<group>"; };
		2D2A693C1B9160A30021F8BF /* PlantsVsZombiesTests.xctest */ = {isa = PBXFileReference; explicitFileType = wrapper.cfbundle; includeInIndex = 0; path = PlantsVsZombiesTests.xctest; sourceTree = BUILT_PRODUCTS_DIR; };
		2D2A69411B9160A30021F8BF /* Info.plist */ = {isa = PBXFileReference; lastKnownFileType = text.plist.xml; path = Info.plist; sourceTree = "<group>"; };
		2D2A69421B9160A30021F8BF /* PlantsVsZombiesTests.m */ = {isa = PBXFileReference; lastKnownFileType = sourcecode.c.objc; path = PlantsVsZombiesTests.m; sourceTree = "<group>"; };
		2D2A694D1B9168490021F8BF /* GameViewController.h */ = {isa = PBXFileReference; fileEncoding = 4; lastKnownFileType = sourcecode.c.h; path = GameViewController.h; sourceTree = "<group>"; };
		2D2A694E1B9168490021F8BF /* GameViewController.m */ = {isa = PBXFileReference; fileEncoding = 4; lastKnownFileType = sourcecode.c.objc; path = GameViewController.m; sourceTree = "<group>"; };
		2D2A69521B9168510021F8BF /* PVZRootScene.h */ = {isa = PBXFileReference; fileEncoding = 4; lastKnownFileType = sourcecode.c.h; path = PVZRootScene.h; sourceTree = "<group>"; };
		2D2A69531B9168510021F8BF /* PVZRootScene.m */ = {isa = PBXFileReference; fileEncoding = 4; lastKnownFileType = sourcecode.c.objc; path = PVZRootScene.m; sourceTree = "<group>"; };
		2D2A69631B916EA30021F8BF /* SKScene+PVZ.h */ = {isa = PBXFileReference; fileEncoding = 4; lastKnownFileType = sourcecode.c.h; path = "SKScene+PVZ.h"; sourceTree = "<group>"; };
		2D2A69641B916EA30021F8BF /* SKScene+PVZ.m */ = {isa = PBXFileReference; fileEncoding = 4; lastKnownFileType = sourcecode.c.objc; path = "SKScene+PVZ.m"; sourceTree = "<group>"; };
		2D2A69691B9170620021F8BF /* UIView+PVZ.h */ = {isa = PBXFileReference; fileEncoding = 4; lastKnownFileType = sourcecode.c.h; path = "UIView+PVZ.h"; sourceTree = "<group>"; };
		2D2A696A1B9170620021F8BF /* UIView+PVZ.m */ = {isa = PBXFileReference; fileEncoding = 4; lastKnownFileType = sourcecode.c.objc; path = "UIView+PVZ.m"; sourceTree = "<group>"; };
		2D2A69731B91747D0021F8BF /* PVZPrefixHeader.pch */ = {isa = PBXFileReference; lastKnownFileType = sourcecode.c.h; path = PVZPrefixHeader.pch; sourceTree = "<group>"; };
		2D5D419A1BA1BFB500FFF763 /* PVZBackgroundNode.h */ = {isa = PBXFileReference; fileEncoding = 4; lastKnownFileType = sourcecode.c.h; path = PVZBackgroundNode.h; sourceTree = "<group>"; };
		2D5D419B1BA1BFB500FFF763 /* PVZBackgroundNode.m */ = {isa = PBXFileReference; fileEncoding = 4; lastKnownFileType = sourcecode.c.objc; path = PVZBackgroundNode.m; sourceTree = "<group>"; };
		2D5D41A41BA1C72400FFF763 /* PVZTollgate.h */ = {isa = PBXFileReference; fileEncoding = 4; lastKnownFileType = sourcecode.c.h; path = PVZTollgate.h; sourceTree = "<group>"; };
		2D5D41A51BA1C72400FFF763 /* PVZTollgate.m */ = {isa = PBXFileReference; fileEncoding = 4; lastKnownFileType = sourcecode.c.objc; path = PVZTollgate.m; sourceTree = "<group>"; };
		2D5D41AB1BA1D2AD00FFF763 /* PVZCardItemNode.h */ = {isa = PBXFileReference; fileEncoding = 4; lastKnownFileType = sourcecode.c.h; path = PVZCardItemNode.h; sourceTree = "<group>"; };
		2D5D41AC1BA1D2AD00FFF763 /* PVZCardItemNode.m */ = {isa = PBXFileReference; fileEncoding = 4; lastKnownFileType = sourcecode.c.objc; path = PVZCardItemNode.m; sourceTree = "<group>"; };
		2D5D41AE1BA1D32A00FFF763 /* PVZCard.h */ = {isa = PBXFileReference; fileEncoding = 4; lastKnownFileType = sourcecode.c.h; path = PVZCard.h; sourceTree = "<group>"; };
		2D5D41AF1BA1D32A00FFF763 /* PVZCard.m */ = {isa = PBXFileReference; fileEncoding = 4; lastKnownFileType = sourcecode.c.objc; path = PVZCard.m; sourceTree = "<group>"; };
		2D62D6801B98809D00CF3059 /* PVZButton.h */ = {isa = PBXFileReference; fileEncoding = 4; lastKnownFileType = sourcecode.c.h; path = PVZButton.h; sourceTree = "<group>"; };
		2D62D6811B98809D00CF3059 /* PVZButton.m */ = {isa = PBXFileReference; fileEncoding = 4; lastKnownFileType = sourcecode.c.objc; path = PVZButton.m; sourceTree = "<group>"; };
		2D62D6831B988B2A00CF3059 /* PVZProgressView.h */ = {isa = PBXFileReference; fileEncoding = 4; lastKnownFileType = sourcecode.c.h; path = PVZProgressView.h; sourceTree = "<group>"; };
		2D62D6841B988B2A00CF3059 /* PVZProgressView.m */ = {isa = PBXFileReference; fileEncoding = 4; lastKnownFileType = sourcecode.c.objc; path = PVZProgressView.m; sourceTree = "<group>"; };
		2D653A0D1B92CA0E00420E18 /* firstpage.jpg */ = {isa = PBXFileReference; lastKnownFileType = image.jpeg; path = firstpage.jpg; sourceTree = "<group>"; };
		2D653A0E1B92CA0E00420E18 /* PVZBackground_3.jpg */ = {isa = PBXFileReference; lastKnownFileType = image.jpeg; path = PVZBackground_3.jpg; sourceTree = "<group>"; };
		2D653A0F1B92CA0E00420E18 /* PVZBackground_0.jpg */ = {isa = PBXFileReference; lastKnownFileType = image.jpeg; path = PVZBackground_0.jpg; sourceTree = "<group>"; };
		2D653A101B92CA0E00420E18 /* PVZBackground_2.jpg */ = {isa = PBXFileReference; lastKnownFileType = image.jpeg; path = PVZBackground_2.jpg; sourceTree = "<group>"; };
		2D653A111B92CA0E00420E18 /* PVZBackground_1.jpg */ = {isa = PBXFileReference; lastKnownFileType = image.jpeg; path = PVZBackground_1.jpg; sourceTree = "<group>"; };
		2D653A121B92CA0E00420E18 /* PVZBackground_4.jpg */ = {isa = PBXFileReference; lastKnownFileType = image.jpeg; path = PVZBackground_4.jpg; sourceTree = "<group>"; };
		2D653A131B92CA0E00420E18 /* PVZBackground_7.jpg */ = {isa = PBXFileReference; lastKnownFileType = image.jpeg; path = PVZBackground_7.jpg; sourceTree = "<group>"; };
		2D653A141B92CA0E00420E18 /* PVZBackground_8.jpg */ = {isa = PBXFileReference; lastKnownFileType = image.jpeg; path = PVZBackground_8.jpg; sourceTree = "<group>"; };
		2D653A151B92CA0E00420E18 /* PVZBackground_5.jpg */ = {isa = PBXFileReference; lastKnownFileType = image.jpeg; path = PVZBackground_5.jpg; sourceTree = "<group>"; };
		2D653A161B92CA0E00420E18 /* PVZBackground_6.jpg */ = {isa = PBXFileReference; lastKnownFileType = image.jpeg; path = PVZBackground_6.jpg; sourceTree = "<group>"; };
		2D653A181B92CA0E00420E18 /* PB_ICE.atlas */ = {isa = PBXFileReference; lastKnownFileType = folder.skatlas; path = PB_ICE.atlas; sourceTree = "<group>"; };
		2D653A191B92CA0E00420E18 /* PB_Normal.atlas */ = {isa = PBXFileReference; lastKnownFileType = folder.skatlas; path = PB_Normal.atlas; sourceTree = "<group>"; };
		2D653A1B1B92CA0E00420E18 /* Blover.png */ = {isa = PBXFileReference; lastKnownFileType = image.png; path = Blover.png; sourceTree = "<group>"; };
		2D653A1C1B92CA0E00420E18 /* Cactus.png */ = {isa = PBXFileReference; lastKnownFileType = image.png; path = Cactus.png; sourceTree = "<group>"; };
		2D653A1D1B92CA0E00420E18 /* Card_CherryBomb.png */ = {isa = PBXFileReference; lastKnownFileType = image.png; path = Card_CherryBomb.png; sourceTree = "<group>"; };
		2D653A1E1B92CA0E00420E18 /* Chomper.png */ = {isa = PBXFileReference; lastKnownFileType = image.png; path = Chomper.png; sourceTree = "<group>"; };
		2D653A1F1B92CA0E00420E18 /* CoffeeBean.png */ = {isa = PBXFileReference; lastKnownFileType = image.png; path = CoffeeBean.png; sourceTree = "<group>"; };
		2D653A201B92CA0E00420E18 /* DoomShroom.png */ = {isa = PBXFileReference; lastKnownFileType = image.png; path = DoomShroom.png; sourceTree = "<group>"; };
		2D653A211B92CA0E00420E18 /* FlowerPot.png */ = {isa = PBXFileReference; lastKnownFileType = image.png; path = FlowerPot.png; sourceTree = "<group>"; };
		2D653A221B92CA0E00420E18 /* FumeShroom.png */ = {isa = PBXFileReference; lastKnownFileType = image.png; path = FumeShroom.png; sourceTree = "<group>"; };
		2D653A231B92CA0E00420E18 /* Garlic.png */ = {isa = PBXFileReference; lastKnownFileType = image.png; path = Garlic.png; sourceTree = "<group>"; };
		2D653A241B92CA0E00420E18 /* GatlingPea.png */ = {isa = PBXFileReference; lastKnownFileType = image.png; path = GatlingPea.png; sourceTree = "<group>"; };
		2D653A251B92CA0E00420E18 /* GloomShroom.png */ = {isa = PBXFileReference; lastKnownFileType = image.png; path = GloomShroom.png; sourceTree = "<group>"; };
		2D653A271B92CA0E00420E18 /* HypnoShroom.png */ = {isa = PBXFileReference; lastKnownFileType = image.png; path = HypnoShroom.png; sourceTree = "<group>"; };
		2D653A281B92CA0E00420E18 /* IceShroom.png */ = {isa = PBXFileReference; lastKnownFileType = image.png; path = IceShroom.png; sourceTree = "<group>"; };
		2D653A291B92CA0E00420E18 /* Jalapeno.png */ = {isa = PBXFileReference; lastKnownFileType = image.png; path = Jalapeno.png; sourceTree = "<group>"; };
		2D653A2A1B92CA0E00420E18 /* LilyPad.png */ = {isa = PBXFileReference; lastKnownFileType = image.png; path = LilyPad.png; sourceTree = "<group>"; };
		2D653A2C1B92CA0E00420E18 /* Card_Peashooter.png */ = {isa = PBXFileReference; lastKnownFileType = image.png; path = Card_Peashooter.png; sourceTree = "<group>"; };
		2D653A2D1B92CA0E00420E18 /* Plantern.png */ = {isa = PBXFileReference; lastKnownFileType = image.png; path = Plantern.png; sourceTree = "<group>"; };
		2D653A2F1B92CA0E00420E18 /* Card_PotatoMine.png */ = {isa = PBXFileReference; lastKnownFileType = image.png; path = Card_PotatoMine.png; sourceTree = "<group>"; };
		2D653A301B92CA0E00420E18 /* PuffShroom.png */ = {isa = PBXFileReference; lastKnownFileType = image.png; path = PuffShroom.png; sourceTree = "<group>"; };
		2D653A321B92CA0E00420E18 /* PumpkinHead.png */ = {isa = PBXFileReference; lastKnownFileType = image.png; path = PumpkinHead.png; sourceTree = "<group>"; };
		2D653A331B92CA0E00420E18 /* Repeater.png */ = {isa = PBXFileReference; lastKnownFileType = image.png; path = Repeater.png; sourceTree = "<group>"; };
		2D653A341B92CA0E00420E18 /* ScaredyShroom.png */ = {isa = PBXFileReference; lastKnownFileType = image.png; path = ScaredyShroom.png; sourceTree = "<group>"; };
		2D653A351B92CA0E00420E18 /* SeaShroom.png */ = {isa = PBXFileReference; lastKnownFileType = image.png; path = SeaShroom.png; sourceTree = "<group>"; };
		2D653A361B92CA0E00420E18 /* Card_SnowPea.png */ = {isa = PBXFileReference; lastKnownFileType = image.png; path = Card_SnowPea.png; sourceTree = "<group>"; };
		2D653A371B92CA0E00420E18 /* Spikerock.png */ = {isa = PBXFileReference; lastKnownFileType = image.png; path = Spikerock.png; sourceTree = "<group>"; };
		2D653A381B92CA0E00420E18 /* Card_Spikeweed.png */ = {isa = PBXFileReference; lastKnownFileType = image.png; path = Card_Spikeweed.png; sourceTree = "<group>"; };
		2D653A391B92CA0E00420E18 /* SplitPea.png */ = {isa = PBXFileReference; lastKnownFileType = image.png; path = SplitPea.png; sourceTree = "<group>"; };
		2D653A3A1B92CA0E00420E18 /* Squash.png */ = {isa = PBXFileReference; lastKnownFileType = image.png; path = Squash.png; sourceTree = "<group>"; };
		2D653A3B1B92CA0E00420E18 /* Starfruit.png */ = {isa = PBXFileReference; lastKnownFileType = image.png; path = Starfruit.png; sourceTree = "<group>"; };
		2D653A3C1B92CA0E00420E18 /* Card_SunFlower.png */ = {isa = PBXFileReference; lastKnownFileType = image.png; path = Card_SunFlower.png; sourceTree = "<group>"; };
		2D653A3D1B92CA0E00420E18 /* SunShroom.png */ = {isa = PBXFileReference; lastKnownFileType = image.png; path = SunShroom.png; sourceTree = "<group>"; };
		2D653A3E1B92CA0E00420E18 /* TallNut.png */ = {isa = PBXFileReference; lastKnownFileType = image.png; path = TallNut.png; sourceTree = "<group>"; };
		2D653A3F1B92CA0E00420E18 /* Threepeater.png */ = {isa = PBXFileReference; lastKnownFileType = image.png; path = Threepeater.png; sourceTree = "<group>"; };
		2D653A401B92CA0E00420E18 /* Torchwood.png */ = {isa = PBXFileReference; lastKnownFileType = image.png; path = Torchwood.png; sourceTree = "<group>"; };
		2D653A421B92CA0E00420E18 /* TwinSunflower.png */ = {isa = PBXFileReference; lastKnownFileType = image.png; path = TwinSunflower.png; sourceTree = "<group>"; };
		2D653A441B92CA0E00420E18 /* Card_WallNut.png */ = {isa = PBXFileReference; lastKnownFileType = image.png; path = Card_WallNut.png; sourceTree = "<group>"; };
		2D653A461B92CA0E00420E18 /* MainMenu.atlas */ = {isa = PBXFileReference; lastKnownFileType = folder.skatlas; path = MainMenu.atlas; sourceTree = "<group>"; };
		2D653A471B92CA0E00420E18 /* Menu.atlas */ = {isa = PBXFileReference; lastKnownFileType = folder.skatlas; path = Menu.atlas; sourceTree = "<group>"; };
		2D653A481B92CA0E00420E18 /* sod1row.png */ = {isa = PBXFileReference; lastKnownFileType = image.png; path = sod1row.png; sourceTree = "<group>"; };
		2D653A491B92CA0E00420E18 /* sod3row.png */ = {isa = PBXFileReference; lastKnownFileType = image.png; path = sod3row.png; sourceTree = "<group>"; };
		2D653A4C1B92CA0E00420E18 /* CherryBomb.atlas */ = {isa = PBXFileReference; lastKnownFileType = folder.skatlas; path = CherryBomb.atlas; sourceTree = "<group>"; };
		2D653A4D1B92CA0E00420E18 /* Peashooter.atlas */ = {isa = PBXFileReference; lastKnownFileType = folder.skatlas; path = Peashooter.atlas; sourceTree = "<group>"; };
		2D653A4E1B92CA0E00420E18 /* SnowPea.atlas */ = {isa = PBXFileReference; lastKnownFileType = folder.skatlas; path = SnowPea.atlas; sourceTree = "<group>"; };
		2D653A4F1B92CA0E00420E18 /* SunFlower.atlas */ = {isa = PBXFileReference; lastKnownFileType = folder.skatlas; path = SunFlower.atlas; sourceTree = "<group>"; };
		2D653A501B92CA0E00420E18 /* Threepeater.atlas */ = {isa = PBXFileReference; lastKnownFileType = folder.skatlas; path = Threepeater.atlas; sourceTree = "<group>"; };
		2D653A511B92CA0E00420E18 /* WallNut.atlas */ = {isa = PBXFileReference; lastKnownFileType = folder.skatlas; path = WallNut.atlas; sourceTree = "<group>"; };
		2D653A531B92CA0E00420E18 /* Sun.atlas */ = {isa = PBXFileReference; lastKnownFileType = folder.skatlas; path = Sun.atlas; sourceTree = "<group>"; };
		2D653A551B92CA0E00420E18 /* BoomDie.atlas */ = {isa = PBXFileReference; lastKnownFileType = folder.skatlas; path = BoomDie.atlas; sourceTree = "<group>"; };
		2D653A561B92CA0E00420E18 /* BucketheadZombie.atlas */ = {isa = PBXFileReference; lastKnownFileType = folder.skatlas; path = BucketheadZombie.atlas; sourceTree = "<group>"; };
		2D653A571B92CA0E00420E18 /* BucketheadZombieAttack.atlas */ = {isa = PBXFileReference; lastKnownFileType = folder.skatlas; path = BucketheadZombieAttack.atlas; sourceTree = "<group>"; };
		2D653A581B92CA0E00420E18 /* ConeheadZombie.atlas */ = {isa = PBXFileReference; lastKnownFileType = folder.skatlas; path = ConeheadZombie.atlas; sourceTree = "<group>"; };
		2D653A591B92CA0E00420E18 /* ConeheadZombieAttack.atlas */ = {isa = PBXFileReference; lastKnownFileType = folder.skatlas; path = ConeheadZombieAttack.atlas; sourceTree = "<group>"; };
		2D653A5A1B92CA0E00420E18 /* FlagZombie.atlas */ = {isa = PBXFileReference; lastKnownFileType = folder.skatlas; path = FlagZombie.atlas; sourceTree = "<group>"; };
		2D653A5B1B92CA0E00420E18 /* FlagZombieAttack.atlas */ = {isa = PBXFileReference; lastKnownFileType = folder.skatlas; path = FlagZombieAttack.atlas; sourceTree = "<group>"; };
		2D653A5C1B92CA0E00420E18 /* FlagZombieLostHead.atlas */ = {isa = PBXFileReference; lastKnownFileType = folder.skatlas; path = FlagZombieLostHead.atlas; sourceTree = "<group>"; };
		2D653A5D1B92CA0E00420E18 /* FlagZombieLostHeadAttack.atlas */ = {isa = PBXFileReference; lastKnownFileType = folder.skatlas; path = FlagZombieLostHeadAttack.atlas; sourceTree = "<group>"; };
		2D653A5E1B92CA0E00420E18 /* PoleVaultingZombie.atlas */ = {isa = PBXFileReference; lastKnownFileType = folder.skatlas; path = PoleVaultingZombie.atlas; sourceTree = "<group>"; };
		2D653A5F1B92CA0E00420E18 /* PoleVaultingZombieAttack.atlas */ = {isa = PBXFileReference; lastKnownFileType = folder.skatlas; path = PoleVaultingZombieAttack.atlas; sourceTree = "<group>"; };
		2D653A601B92CA0E00420E18 /* PoleVaultingZombieDie.atlas */ = {isa = PBXFileReference; lastKnownFileType = folder.skatlas; path = PoleVaultingZombieDie.atlas; sourceTree = "<group>"; };
		2D653A611B92CA0E00420E18 /* PoleVaultingZombieHead.atlas */ = {isa = PBXFileReference; lastKnownFileType = folder.skatlas; path = PoleVaultingZombieHead.atlas; sourceTree = "<group>"; };
		2D653A621B92CA0E00420E18 /* PoleVaultingZombieJump.atlas */ = {isa = PBXFileReference; lastKnownFileType = folder.skatlas; path = PoleVaultingZombieJump.atlas; sourceTree = "<group>"; };
		2D653A631B92CA0E00420E18 /* PoleVaultingZombieJump2.atlas */ = {isa = PBXFileReference; lastKnownFileType = folder.skatlas; path = PoleVaultingZombieJump2.atlas; sourceTree = "<group>"; };
		2D653A641B92CA0E00420E18 /* PoleVaultingZombieLostHead.atlas */ = {isa = PBXFileReference; lastKnownFileType = folder.skatlas; path = PoleVaultingZombieLostHead.atlas; sourceTree = "<group>"; };
		2D653A651B92CA0E00420E18 /* PoleVaultingZombieLostHeadAttack.atlas */ = {isa = PBXFileReference; lastKnownFileType = folder.skatlas; path = PoleVaultingZombieLostHeadAttack.atlas; sourceTree = "<group>"; };
		2D653A661B92CA0E00420E18 /* PoleVaultingZombieLostHeadWalk.atlas */ = {isa = PBXFileReference; lastKnownFileType = folder.skatlas; path = PoleVaultingZombieLostHeadWalk.atlas; sourceTree = "<group>"; };
		2D653A671B92CA0E00420E18 /* PoleVaultingZombieWalk.atlas */ = {isa = PBXFileReference; lastKnownFileType = folder.skatlas; path = PoleVaultingZombieWalk.atlas; sourceTree = "<group>"; };
		2D653A681B92CA0E00420E18 /* PrepareGrowPlants.atlas */ = {isa = PBXFileReference; lastKnownFileType = folder.skatlas; path = PrepareGrowPlants.atlas; sourceTree = "<group>"; };
		2D653A691B92CA0E00420E18 /* Zombie.atlas */ = {isa = PBXFileReference; lastKnownFileType = folder.skatlas; path = Zombie.atlas; sourceTree = "<group>"; };
		2D653A6A1B92CA0E00420E18 /* Zombie3.atlas */ = {isa = PBXFileReference; lastKnownFileType = folder.skatlas; path = Zombie3.atlas; sourceTree = "<group>"; };
		2D653A6B1B92CA0E00420E18 /* ZombieAttack.atlas */ = {isa = PBXFileReference; lastKnownFileType = folder.skatlas; path = ZombieAttack.atlas; sourceTree = "<group>"; };
		2D653A6C1B92CA0E00420E18 /* ZombieDie.atlas */ = {isa = PBXFileReference; lastKnownFileType = folder.skatlas; path = ZombieDie.atlas; sourceTree = "<group>"; };
		2D653A6D1B92CA0E00420E18 /* ZombieHead.atlas */ = {isa = PBXFileReference; lastKnownFileType = folder.skatlas; path = ZombieHead.atlas; sourceTree = "<group>"; };
		2D653A6E1B92CA0E00420E18 /* ZombieLostHead.atlas */ = {isa = PBXFileReference; lastKnownFileType = folder.skatlas; path = ZombieLostHead.atlas; sourceTree = "<group>"; };
		2D653A6F1B92CA0E00420E18 /* ZombieLostHeadAttack.atlas */ = {isa = PBXFileReference; lastKnownFileType = folder.skatlas; path = ZombieLostHeadAttack.atlas; sourceTree = "<group>"; };
		2D653A711B92CA0E00420E18 /* game1.mp3 */ = {isa = PBXFileReference; lastKnownFileType = audio.mp3; path = game1.mp3; sourceTree = "<group>"; };
		2D653A721B92CA0E00420E18 /* game2.mp3 */ = {isa = PBXFileReference; lastKnownFileType = audio.mp3; path = game2.mp3; sourceTree = "<group>"; };
		2D653A731B92CA0E00420E18 /* game3.mp3 */ = {isa = PBXFileReference; lastKnownFileType = audio.mp3; path = game3.mp3; sourceTree = "<group>"; };
		2D653A741B92CA0E00420E18 /* gameScene.mp3 */ = {isa = PBXFileReference; lastKnownFileType = audio.mp3; path = gameScene.mp3; sourceTree = "<group>"; };
		2D653A751B92CA0E00420E18 /* rootScene.mp3 */ = {isa = PBXFileReference; lastKnownFileType = audio.mp3; path = rootScene.mp3; sourceTree = "<group>"; };
		2D653ADA1B92D25300420E18 /* PVZConfigration.h */ = {isa = PBXFileReference; fileEncoding = 4; lastKnownFileType = sourcecode.c.h; path = PVZConfigration.h; sourceTree = "<group>"; };
		2D653ADB1B92D25300420E18 /* PVZConfigration.m */ = {isa = PBXFileReference; fileEncoding = 4; lastKnownFileType = sourcecode.c.objc; path = PVZConfigration.m; sourceTree = "<group>"; };
		2D653ADD1B92D28B00420E18 /* PVZAudioPlayer.h */ = {isa = PBXFileReference; fileEncoding = 4; lastKnownFileType = sourcecode.c.h; path = PVZAudioPlayer.h; sourceTree = "<group>"; };
		2D653ADE1B92D28B00420E18 /* PVZAudioPlayer.m */ = {isa = PBXFileReference; fileEncoding = 4; lastKnownFileType = sourcecode.c.objc; path = PVZAudioPlayer.m; sourceTree = "<group>"; };
		2D653AE41B92DBD200420E18 /* common.h */ = {isa = PBXFileReference; fileEncoding = 4; lastKnownFileType = sourcecode.c.h; path = common.h; sourceTree = "<group>"; };
		2D653AE51B92DBD200420E18 /* common.m */ = {isa = PBXFileReference; fileEncoding = 4; lastKnownFileType = sourcecode.c.objc; path = common.m; sourceTree = "<group>"; };
		2D68E6261BA304EB005145D5 /* PVZCardMenuNode.h */ = {isa = PBXFileReference; fileEncoding = 4; lastKnownFileType = sourcecode.c.h; path = PVZCardMenuNode.h; sourceTree = "<group>"; };
		2D68E6271BA304EB005145D5 /* PVZCardMenuNode.m */ = {isa = PBXFileReference; fileEncoding = 4; lastKnownFileType = sourcecode.c.objc; path = PVZCardMenuNode.m; sourceTree = "<group>"; };
		2D68E62E1BA31029005145D5 /* PVZSunMenuNode.h */ = {isa = PBXFileReference; fileEncoding = 4; lastKnownFileType = sourcecode.c.h; path = PVZSunMenuNode.h; sourceTree = "<group>"; };
		2D68E62F1BA31029005145D5 /* PVZSunMenuNode.m */ = {isa = PBXFileReference; fileEncoding = 4; lastKnownFileType = sourcecode.c.objc; path = PVZSunMenuNode.m; sourceTree = "<group>"; };
		2DC8D6D91B92EA4200EE2484 /* macros.h */ = {isa = PBXFileReference; lastKnownFileType = sourcecode.c.h; path = macros.h; sourceTree = "<group>"; };
		2DC8D6DC1B9304CC00EE2484 /* LoadingPage.png */ = {isa = PBXFileReference; lastKnownFileType = image.png; path = LoadingPage.png; sourceTree = "<group>"; };
		2DC8D6DF1B93056B00EE2484 /* fp_floor.png */ = {isa = PBXFileReference; lastKnownFileType = image.png; path = fp_floor.png; sourceTree = "<group>"; };
		2DC8D6E01B93056B00EE2484 /* fp_grass.png */ = {isa = PBXFileReference; lastKnownFileType = image.png; path = fp_grass.png; sourceTree = "<group>"; };
		2DC8D6E21B93056B00EE2484 /* fp_title.png */ = {isa = PBXFileReference; lastKnownFileType = image.png; path = fp_title.png; sourceTree = "<group>"; };
		2DC8D6E31B93056B00EE2484 /* fp_tag.png */ = {isa = PBXFileReference; lastKnownFileType = image.png; path = fp_tag.png; sourceTree = "<group>"; };
/* End PBXFileReference section */

/* Begin PBXFrameworksBuildPhase section */
		2D2A691B1B9160A30021F8BF /* Frameworks */ = {
			isa = PBXFrameworksBuildPhase;
			buildActionMask = 2147483647;
			files = (
			);
			runOnlyForDeploymentPostprocessing = 0;
		};
		2D2A69391B9160A30021F8BF /* Frameworks */ = {
			isa = PBXFrameworksBuildPhase;
			buildActionMask = 2147483647;
			files = (
			);
			runOnlyForDeploymentPostprocessing = 0;
		};
/* End PBXFrameworksBuildPhase section */

/* Begin PBXGroup section */
		2D2120D91B99467E00C4F1D0 /* AdventureMode */ = {
			isa = PBXGroup;
			children = (
				2D2120DA1B99477D00C4F1D0 /* PVZAdventureModeScene.h */,
				2D2120DB1B99477D00C4F1D0 /* PVZAdventureModeScene.m */,
			);
			name = AdventureMode;
			sourceTree = "<group>";
		};
		2D2A69151B9160A30021F8BF = {
			isa = PBXGroup;
			children = (
				2D2A69201B9160A30021F8BF /* PlantsVsZombies */,
				2D2A693F1B9160A30021F8BF /* PlantsVsZombiesTests */,
				2D2A691F1B9160A30021F8BF /* Products */,
			);
			sourceTree = "<group>";
		};
		2D2A691F1B9160A30021F8BF /* Products */ = {
			isa = PBXGroup;
			children = (
				2D2A691E1B9160A30021F8BF /* PlantsVsZombies.app */,
				2D2A693C1B9160A30021F8BF /* PlantsVsZombiesTests.xctest */,
			);
			name = Products;
			sourceTree = "<group>";
		};
		2D2A69201B9160A30021F8BF /* PlantsVsZombies */ = {
			isa = PBXGroup;
			children = (
				2D2A69251B9160A30021F8BF /* AppDelegate.h */,
				2D2A69261B9160A30021F8BF /* AppDelegate.m */,
				2D2A69581B91691A0021F8BF /* Helper */,
				2D5D41A31BA1C72400FFF763 /* Model */,
				2D2A694C1B9168490021F8BF /* Controller */,
				2D62D67F1B98808B00CF3059 /* View */,
				2D2A69511B9168510021F8BF /* Scene */,
				2D2A69551B9168510021F8BF /* Sprite */,
				2D2A69591B916A140021F8BF /* Extension */,
				2D653A0A1B92CA0E00420E18 /* Resource */,
				2D2A69211B9160A30021F8BF /* Supporting Files */,
			);
			path = PlantsVsZombies;
			sourceTree = "<group>";
		};
		2D2A69211B9160A30021F8BF /* Supporting Files */ = {
			isa = PBXGroup;
			children = (
				2D2A69301B9160A30021F8BF /* Main.storyboard */,
				2D2A69331B9160A30021F8BF /* Images.xcassets */,
				2D2A69351B9160A30021F8BF /* LaunchScreen.xib */,
				2D2A69221B9160A30021F8BF /* Info.plist */,
				2D2A69231B9160A30021F8BF /* main.m */,
				2D2A69731B91747D0021F8BF /* PVZPrefixHeader.pch */,
			);
			name = "Supporting Files";
			sourceTree = "<group>";
		};
		2D2A693F1B9160A30021F8BF /* PlantsVsZombiesTests */ = {
			isa = PBXGroup;
			children = (
				2D2A69421B9160A30021F8BF /* PlantsVsZombiesTests.m */,
				2D2A69401B9160A30021F8BF /* Supporting Files */,
			);
			path = PlantsVsZombiesTests;
			sourceTree = "<group>";
		};
		2D2A69401B9160A30021F8BF /* Supporting Files */ = {
			isa = PBXGroup;
			children = (
				2D2A69411B9160A30021F8BF /* Info.plist */,
			);
			name = "Supporting Files";
			sourceTree = "<group>";
		};
		2D2A694C1B9168490021F8BF /* Controller */ = {
			isa = PBXGroup;
			children = (
				2D2A694D1B9168490021F8BF /* GameViewController.h */,
				2D2A694E1B9168490021F8BF /* GameViewController.m */,
			);
			path = Controller;
			sourceTree = "<group>";
		};
		2D2A69511B9168510021F8BF /* Scene */ = {
			isa = PBXGroup;
			children = (
				2D653AD91B92CCC700420E18 /* RootScene */,
				2D2120D91B99467E00C4F1D0 /* AdventureMode */,
			);
			path = Scene;
			sourceTree = "<group>";
		};
		2D2A69551B9168510021F8BF /* Sprite */ = {
			isa = PBXGroup;
			children = (
				2D68E6291BA30FED005145D5 /* Menu */,
				2D5D41991BA1BE7000FFF763 /* GameBackground */,
			);
			path = Sprite;
			sourceTree = "<group>";
		};
		2D2A69581B91691A0021F8BF /* Helper */ = {
			isa = PBXGroup;
			children = (
				2DC8D6D91B92EA4200EE2484 /* macros.h */,
				2D653ADA1B92D25300420E18 /* PVZConfigration.h */,
				2D653ADB1B92D25300420E18 /* PVZConfigration.m */,
				2D653ADD1B92D28B00420E18 /* PVZAudioPlayer.h */,
				2D653ADE1B92D28B00420E18 /* PVZAudioPlayer.m */,
				2D653AE41B92DBD200420E18 /* common.h */,
				2D653AE51B92DBD200420E18 /* common.m */,
			);
			path = Helper;
			sourceTree = "<group>";
		};
		2D2A69591B916A140021F8BF /* Extension */ = {
			isa = PBXGroup;
			children = (
				2D653AD81B92CA8B00420E18 /* Plist */,
				2D2A69621B916E930021F8BF /* Category */,
			);
			path = Extension;
			sourceTree = "<group>";
		};
		2D2A69621B916E930021F8BF /* Category */ = {
			isa = PBXGroup;
			children = (
				2D2A69631B916EA30021F8BF /* SKScene+PVZ.h */,
				2D2A69641B916EA30021F8BF /* SKScene+PVZ.m */,
				2D2A69691B9170620021F8BF /* UIView+PVZ.h */,
				2D2A696A1B9170620021F8BF /* UIView+PVZ.m */,
			);
			path = Category;
			sourceTree = "<group>";
		};
		2D5D41991BA1BE7000FFF763 /* GameBackground */ = {
			isa = PBXGroup;
			children = (
				2D5D419A1BA1BFB500FFF763 /* PVZBackgroundNode.h */,
				2D5D419B1BA1BFB500FFF763 /* PVZBackgroundNode.m */,
			);
			name = GameBackground;
			sourceTree = "<group>";
		};
		2D5D41A31BA1C72400FFF763 /* Model */ = {
			isa = PBXGroup;
			children = (
				2D5D41A41BA1C72400FFF763 /* PVZTollgate.h */,
				2D5D41A51BA1C72400FFF763 /* PVZTollgate.m */,
				2D5D41AE1BA1D32A00FFF763 /* PVZCard.h */,
				2D5D41AF1BA1D32A00FFF763 /* PVZCard.m */,
			);
			path = Model;
			sourceTree = "<group>";
		};
		2D5D41A71BA1D1BA00FFF763 /* Card */ = {
			isa = PBXGroup;
			children = (
				2D5D41A91BA1D1F100FFF763 /* CardItem */,
				2D5D41A81BA1D1EA00FFF763 /* CardMenu */,
				2D5D41AA1BA1D21000FFF763 /* CardChooseMenu */,
			);
			name = Card;
			sourceTree = "<group>";
		};
		2D5D41A81BA1D1EA00FFF763 /* CardMenu */ = {
			isa = PBXGroup;
			children = (
				2D68E6261BA304EB005145D5 /* PVZCardMenuNode.h */,
				2D68E6271BA304EB005145D5 /* PVZCardMenuNode.m */,
			);
			name = CardMenu;
			sourceTree = "<group>";
		};
		2D5D41A91BA1D1F100FFF763 /* CardItem */ = {
			isa = PBXGroup;
			children = (
				2D5D41AB1BA1D2AD00FFF763 /* PVZCardItemNode.h */,
				2D5D41AC1BA1D2AD00FFF763 /* PVZCardItemNode.m */,
			);
			name = CardItem;
			sourceTree = "<group>";
		};
		2D5D41AA1BA1D21000FFF763 /* CardChooseMenu */ = {
			isa = PBXGroup;
			children = (
			);
			name = CardChooseMenu;
			sourceTree = "<group>";
		};
		2D62D67F1B98808B00CF3059 /* View */ = {
			isa = PBXGroup;
			children = (
				2D62D6801B98809D00CF3059 /* PVZButton.h */,
				2D62D6811B98809D00CF3059 /* PVZButton.m */,
				2D62D6831B988B2A00CF3059 /* PVZProgressView.h */,
				2D62D6841B988B2A00CF3059 /* PVZProgressView.m */,
			);
			path = View;
			sourceTree = "<group>";
		};
		2D653A0A1B92CA0E00420E18 /* Resource */ = {
			isa = PBXGroup;
			children = (
				2D653A0B1B92CA0E00420E18 /* Images */,
				2D653A701B92CA0E00420E18 /* Music */,
			);
			path = Resource;
			sourceTree = "<group>";
		};
		2D653A0B1B92CA0E00420E18 /* Images */ = {
			isa = PBXGroup;
			children = (
				2D653A0C1B92CA0E00420E18 /* Background */,
				2D653A171B92CA0E00420E18 /* Bullets */,
				2D653A1A1B92CA0E00420E18 /* Cards */,
				2D653A451B92CA0E00420E18 /* Items */,
				2D653A4B1B92CA0E00420E18 /* Plants */,
				2D653A521B92CA0E00420E18 /* Sun */,
				2D653A541B92CA0E00420E18 /* Zombies */,
			);
			path = Images;
			sourceTree = "<group>";
		};
		2D653A0C1B92CA0E00420E18 /* Background */ = {
			isa = PBXGroup;
			children = (
				2DC8D6DC1B9304CC00EE2484 /* LoadingPage.png */,
				2D653A0D1B92CA0E00420E18 /* firstpage.jpg */,
				2D653A0E1B92CA0E00420E18 /* PVZBackground_3.jpg */,
				2D653A0F1B92CA0E00420E18 /* PVZBackground_0.jpg */,
				2D653A101B92CA0E00420E18 /* PVZBackground_2.jpg */,
				2D653A111B92CA0E00420E18 /* PVZBackground_1.jpg */,
				2D653A121B92CA0E00420E18 /* PVZBackground_4.jpg */,
				2D653A131B92CA0E00420E18 /* PVZBackground_7.jpg */,
				2D653A141B92CA0E00420E18 /* PVZBackground_8.jpg */,
				2D653A151B92CA0E00420E18 /* PVZBackground_5.jpg */,
				2D653A161B92CA0E00420E18 /* PVZBackground_6.jpg */,
			);
			path = Background;
			sourceTree = "<group>";
		};
		2D653A171B92CA0E00420E18 /* Bullets */ = {
			isa = PBXGroup;
			children = (
				2D653A181B92CA0E00420E18 /* PB_ICE.atlas */,
				2D653A191B92CA0E00420E18 /* PB_Normal.atlas */,
			);
			path = Bullets;
			sourceTree = "<group>";
		};
		2D653A1A1B92CA0E00420E18 /* Cards */ = {
			isa = PBXGroup;
			children = (
				2D653A1B1B92CA0E00420E18 /* Blover.png */,
				2D653A1C1B92CA0E00420E18 /* Cactus.png */,
				2D653A1D1B92CA0E00420E18 /* Card_CherryBomb.png */,
				2D653A1E1B92CA0E00420E18 /* Chomper.png */,
				2D653A1F1B92CA0E00420E18 /* CoffeeBean.png */,
				2D653A201B92CA0E00420E18 /* DoomShroom.png */,
				2D653A211B92CA0E00420E18 /* FlowerPot.png */,
				2D653A221B92CA0E00420E18 /* FumeShroom.png */,
				2D653A231B92CA0E00420E18 /* Garlic.png */,
				2D653A241B92CA0E00420E18 /* GatlingPea.png */,
				2D653A251B92CA0E00420E18 /* GloomShroom.png */,
				2D653A271B92CA0E00420E18 /* HypnoShroom.png */,
				2D653A281B92CA0E00420E18 /* IceShroom.png */,
				2D653A291B92CA0E00420E18 /* Jalapeno.png */,
				2D653A2A1B92CA0E00420E18 /* LilyPad.png */,
				2D653A2C1B92CA0E00420E18 /* Card_Peashooter.png */,
				2D653A2D1B92CA0E00420E18 /* Plantern.png */,
				2D653A2F1B92CA0E00420E18 /* Card_PotatoMine.png */,
				2D653A301B92CA0E00420E18 /* PuffShroom.png */,
				2D653A321B92CA0E00420E18 /* PumpkinHead.png */,
				2D653A331B92CA0E00420E18 /* Repeater.png */,
				2D653A341B92CA0E00420E18 /* ScaredyShroom.png */,
				2D653A351B92CA0E00420E18 /* SeaShroom.png */,
				2D653A361B92CA0E00420E18 /* Card_SnowPea.png */,
				2D653A371B92CA0E00420E18 /* Spikerock.png */,
				2D653A381B92CA0E00420E18 /* Card_Spikeweed.png */,
				2D653A391B92CA0E00420E18 /* SplitPea.png */,
				2D653A3A1B92CA0E00420E18 /* Squash.png */,
				2D653A3B1B92CA0E00420E18 /* Starfruit.png */,
				2D653A3C1B92CA0E00420E18 /* Card_SunFlower.png */,
				2D653A3D1B92CA0E00420E18 /* SunShroom.png */,
				2D653A3E1B92CA0E00420E18 /* TallNut.png */,
				2D653A3F1B92CA0E00420E18 /* Threepeater.png */,
				2D653A401B92CA0E00420E18 /* Torchwood.png */,
				2D653A421B92CA0E00420E18 /* TwinSunflower.png */,
				2D653A441B92CA0E00420E18 /* Card_WallNut.png */,
			);
			path = Cards;
			sourceTree = "<group>";
		};
		2D653A451B92CA0E00420E18 /* Items */ = {
			isa = PBXGroup;
			children = (
				2DC8D6DE1B93056B00EE2484 /* Welcome */,
				2D653A461B92CA0E00420E18 /* MainMenu.atlas */,
				2D653A471B92CA0E00420E18 /* Menu.atlas */,
				2D653A481B92CA0E00420E18 /* sod1row.png */,
				2D653A491B92CA0E00420E18 /* sod3row.png */,
			);
			path = Items;
			sourceTree = "<group>";
		};
		2D653A4B1B92CA0E00420E18 /* Plants */ = {
			isa = PBXGroup;
			children = (
				2D653A4C1B92CA0E00420E18 /* CherryBomb.atlas */,
				2D653A4D1B92CA0E00420E18 /* Peashooter.atlas */,
				2D653A4E1B92CA0E00420E18 /* SnowPea.atlas */,
				2D653A4F1B92CA0E00420E18 /* SunFlower.atlas */,
				2D653A501B92CA0E00420E18 /* Threepeater.atlas */,
				2D653A511B92CA0E00420E18 /* WallNut.atlas */,
			);
			path = Plants;
			sourceTree = "<group>";
		};
		2D653A521B92CA0E00420E18 /* Sun */ = {
			isa = PBXGroup;
			children = (
				2D653A531B92CA0E00420E18 /* Sun.atlas */,
			);
			path = Sun;
			sourceTree = "<group>";
		};
		2D653A541B92CA0E00420E18 /* Zombies */ = {
			isa = PBXGroup;
			children = (
				2D653A551B92CA0E00420E18 /* BoomDie.atlas */,
				2D653A561B92CA0E00420E18 /* BucketheadZombie.atlas */,
				2D653A571B92CA0E00420E18 /* BucketheadZombieAttack.atlas */,
				2D653A581B92CA0E00420E18 /* ConeheadZombie.atlas */,
				2D653A591B92CA0E00420E18 /* ConeheadZombieAttack.atlas */,
				2D653A5A1B92CA0E00420E18 /* FlagZombie.atlas */,
				2D653A5B1B92CA0E00420E18 /* FlagZombieAttack.atlas */,
				2D653A5C1B92CA0E00420E18 /* FlagZombieLostHead.atlas */,
				2D653A5D1B92CA0E00420E18 /* FlagZombieLostHeadAttack.atlas */,
				2D653A5E1B92CA0E00420E18 /* PoleVaultingZombie.atlas */,
				2D653A5F1B92CA0E00420E18 /* PoleVaultingZombieAttack.atlas */,
				2D653A601B92CA0E00420E18 /* PoleVaultingZombieDie.atlas */,
				2D653A611B92CA0E00420E18 /* PoleVaultingZombieHead.atlas */,
				2D653A621B92CA0E00420E18 /* PoleVaultingZombieJump.atlas */,
				2D653A631B92CA0E00420E18 /* PoleVaultingZombieJump2.atlas */,
				2D653A641B92CA0E00420E18 /* PoleVaultingZombieLostHead.atlas */,
				2D653A651B92CA0E00420E18 /* PoleVaultingZombieLostHeadAttack.atlas */,
				2D653A661B92CA0E00420E18 /* PoleVaultingZombieLostHeadWalk.atlas */,
				2D653A671B92CA0E00420E18 /* PoleVaultingZombieWalk.atlas */,
				2D653A681B92CA0E00420E18 /* PrepareGrowPlants.atlas */,
				2D653A691B92CA0E00420E18 /* Zombie.atlas */,
				2D653A6A1B92CA0E00420E18 /* Zombie3.atlas */,
				2D653A6B1B92CA0E00420E18 /* ZombieAttack.atlas */,
				2D653A6C1B92CA0E00420E18 /* ZombieDie.atlas */,
				2D653A6D1B92CA0E00420E18 /* ZombieHead.atlas */,
				2D653A6E1B92CA0E00420E18 /* ZombieLostHead.atlas */,
				2D653A6F1B92CA0E00420E18 /* ZombieLostHeadAttack.atlas */,
			);
			path = Zombies;
			sourceTree = "<group>";
		};
		2D653A701B92CA0E00420E18 /* Music */ = {
			isa = PBXGroup;
			children = (
				2D653A711B92CA0E00420E18 /* game1.mp3 */,
				2D653A721B92CA0E00420E18 /* game2.mp3 */,
				2D653A731B92CA0E00420E18 /* game3.mp3 */,
				2D653A741B92CA0E00420E18 /* gameScene.mp3 */,
				2D653A751B92CA0E00420E18 /* rootScene.mp3 */,
			);
			path = Music;
			sourceTree = "<group>";
		};
		2D653AD81B92CA8B00420E18 /* Plist */ = {
			isa = PBXGroup;
			children = (
			);
			path = Plist;
			sourceTree = "<group>";
		};
		2D653AD91B92CCC700420E18 /* RootScene */ = {
			isa = PBXGroup;
			children = (
				2D2A69521B9168510021F8BF /* PVZRootScene.h */,
				2D2A69531B9168510021F8BF /* PVZRootScene.m */,
			);
			name = RootScene;
			sourceTree = "<group>";
		};
		2D68E6291BA30FED005145D5 /* Menu */ = {
			isa = PBXGroup;
			children = (
				2D68E62A1BA30FFD005145D5 /* Sun */,
				2D5D41A71BA1D1BA00FFF763 /* Card */,
			);
			name = Menu;
			sourceTree = "<group>";
		};
		2D68E62A1BA30FFD005145D5 /* Sun */ = {
			isa = PBXGroup;
			children = (
				2D68E62E1BA31029005145D5 /* PVZSunMenuNode.h */,
				2D68E62F1BA31029005145D5 /* PVZSunMenuNode.m */,
			);
			name = Sun;
			sourceTree = "<group>";
		};
		2DC8D6DE1B93056B00EE2484 /* Welcome */ = {
			isa = PBXGroup;
			children = (
				2DC8D6DF1B93056B00EE2484 /* fp_floor.png */,
				2DC8D6E01B93056B00EE2484 /* fp_grass.png */,
				2DC8D6E21B93056B00EE2484 /* fp_title.png */,
				2DC8D6E31B93056B00EE2484 /* fp_tag.png */,
			);
			path = Welcome;
			sourceTree = "<group>";
		};
/* End PBXGroup section */

/* Begin PBXNativeTarget section */
		2D2A691D1B9160A30021F8BF /* PlantsVsZombies */ = {
			isa = PBXNativeTarget;
			buildConfigurationList = 2D2A69461B9160A30021F8BF /* Build configuration list for PBXNativeTarget "PlantsVsZombies" */;
			buildPhases = (
				2D2A691A1B9160A30021F8BF /* Sources */,
				2D2A691B1B9160A30021F8BF /* Frameworks */,
				2D2A691C1B9160A30021F8BF /* Resources */,
			);
			buildRules = (
			);
			dependencies = (
			);
			name = PlantsVsZombies;
			productName = PlantsVsZombies;
			productReference = 2D2A691E1B9160A30021F8BF /* PlantsVsZombies.app */;
			productType = "com.apple.product-type.application";
		};
		2D2A693B1B9160A30021F8BF /* PlantsVsZombiesTests */ = {
			isa = PBXNativeTarget;
			buildConfigurationList = 2D2A69491B9160A30021F8BF /* Build configuration list for PBXNativeTarget "PlantsVsZombiesTests" */;
			buildPhases = (
				2D2A69381B9160A30021F8BF /* Sources */,
				2D2A69391B9160A30021F8BF /* Frameworks */,
				2D2A693A1B9160A30021F8BF /* Resources */,
			);
			buildRules = (
			);
			dependencies = (
				2D2A693E1B9160A30021F8BF /* PBXTargetDependency */,
			);
			name = PlantsVsZombiesTests;
			productName = PlantsVsZombiesTests;
			productReference = 2D2A693C1B9160A30021F8BF /* PlantsVsZombiesTests.xctest */;
			productType = "com.apple.product-type.bundle.unit-test";
		};
/* End PBXNativeTarget section */

/* Begin PBXProject section */
		2D2A69161B9160A30021F8BF /* Project object */ = {
			isa = PBXProject;
			attributes = {
				LastUpgradeCheck = 0640;
				ORGANIZATIONNAME = lbk;
				TargetAttributes = {
					2D2A691D1B9160A30021F8BF = {
						CreatedOnToolsVersion = 6.4;
					};
					2D2A693B1B9160A30021F8BF = {
						CreatedOnToolsVersion = 6.4;
						TestTargetID = 2D2A691D1B9160A30021F8BF;
					};
				};
			};
			buildConfigurationList = 2D2A69191B9160A30021F8BF /* Build configuration list for PBXProject "PlantsVsZombies" */;
			compatibilityVersion = "Xcode 3.2";
			developmentRegion = English;
			hasScannedForEncodings = 0;
			knownRegions = (
				en,
				Base,
			);
			mainGroup = 2D2A69151B9160A30021F8BF;
			productRefGroup = 2D2A691F1B9160A30021F8BF /* Products */;
			projectDirPath = "";
			projectRoot = "";
			targets = (
				2D2A691D1B9160A30021F8BF /* PlantsVsZombies */,
				2D2A693B1B9160A30021F8BF /* PlantsVsZombiesTests */,
			);
		};
/* End PBXProject section */

/* Begin PBXResourcesBuildPhase section */
		2D2A691C1B9160A30021F8BF /* Resources */ = {
			isa = PBXResourcesBuildPhase;
			buildActionMask = 2147483647;
			files = (
				2D653AB11B92CA0E00420E18 /* CherryBomb.atlas in Resources */,
				2D653A791B92CA0E00420E18 /* PVZBackground_2.jpg in Resources */,
				2D653ACF1B92CA0E00420E18 /* ZombieDie.atlas in Resources */,
				2D653A8E1B92CA0E00420E18 /* HypnoShroom.png in Resources */,
				2D653AC51B92CA0E00420E18 /* PoleVaultingZombieJump.atlas in Resources */,
				2D653AA11B92CA0E00420E18 /* Squash.png in Resources */,
				2D653AA71B92CA0E00420E18 /* Torchwood.png in Resources */,
				2D653ACA1B92CA0E00420E18 /* PoleVaultingZombieWalk.atlas in Resources */,
				2D653AB51B92CA0E00420E18 /* Threepeater.atlas in Resources */,
				2D653AD71B92CA0E00420E18 /* rootScene.mp3 in Resources */,
				2D653ABA1B92CA0E00420E18 /* BucketheadZombieAttack.atlas in Resources */,
				2D653A9E1B92CA0E00420E18 /* Spikerock.png in Resources */,
				2D653A7C1B92CA0E00420E18 /* PVZBackground_7.jpg in Resources */,
				2D653A871B92CA0E00420E18 /* DoomShroom.png in Resources */,
				2D653AA01B92CA0E00420E18 /* SplitPea.png in Resources */,
				2D653ABD1B92CA0E00420E18 /* FlagZombie.atlas in Resources */,
				2D653AC31B92CA0E00420E18 /* PoleVaultingZombieDie.atlas in Resources */,
				2D653AA41B92CA0E00420E18 /* SunShroom.png in Resources */,
				2D653A881B92CA0E00420E18 /* FlowerPot.png in Resources */,
				2D653A7B1B92CA0E00420E18 /* PVZBackground_4.jpg in Resources */,
				2D653A9D1B92CA0E00420E18 /* Card_SnowPea.png in Resources */,
				2D653ABB1B92CA0E00420E18 /* ConeheadZombie.atlas in Resources */,
				2D653AAB1B92CA0E00420E18 /* Card_WallNut.png in Resources */,
				2D653AAD1B92CA0E00420E18 /* Menu.atlas in Resources */,
				2D653A931B92CA0E00420E18 /* Card_Peashooter.png in Resources */,
				2D653A991B92CA0E00420E18 /* PumpkinHead.png in Resources */,
				2D653AB61B92CA0E00420E18 /* WallNut.atlas in Resources */,
				2D653A971B92CA0E00420E18 /* PuffShroom.png in Resources */,
				2D653AD61B92CA0E00420E18 /* gameScene.mp3 in Resources */,
				2D653AC61B92CA0E00420E18 /* PoleVaultingZombieJump2.atlas in Resources */,
				2D653A771B92CA0E00420E18 /* PVZBackground_3.jpg in Resources */,
				2D653A781B92CA0E00420E18 /* PVZBackground_0.jpg in Resources */,
				2D653AC41B92CA0E00420E18 /* PoleVaultingZombieHead.atlas in Resources */,
				2D653AA61B92CA0E00420E18 /* Threepeater.png in Resources */,
				2D653A901B92CA0E00420E18 /* Jalapeno.png in Resources */,
				2DC8D6E71B93056B00EE2484 /* fp_title.png in Resources */,
				2D653ACB1B92CA0E00420E18 /* PrepareGrowPlants.atlas in Resources */,
				2D653AAC1B92CA0E00420E18 /* MainMenu.atlas in Resources */,
				2D653AD41B92CA0E00420E18 /* game2.mp3 in Resources */,
				2D653A841B92CA0E00420E18 /* Card_CherryBomb.png in Resources */,
				2D653A801B92CA0E00420E18 /* PB_ICE.atlas in Resources */,
				2D653A851B92CA0E00420E18 /* Chomper.png in Resources */,
				2D653A911B92CA0E00420E18 /* LilyPad.png in Resources */,
				2D653AB21B92CA0E00420E18 /* Peashooter.atlas in Resources */,
				2D653AA21B92CA0E00420E18 /* Starfruit.png in Resources */,
				2D653A8B1B92CA0E00420E18 /* GatlingPea.png in Resources */,
				2D653A9A1B92CA0E00420E18 /* Repeater.png in Resources */,
				2DC8D6E41B93056B00EE2484 /* fp_floor.png in Resources */,
				2D653AAF1B92CA0E00420E18 /* sod3row.png in Resources */,
				2D653AB41B92CA0E00420E18 /* SunFlower.atlas in Resources */,
				2D2A69371B9160A30021F8BF /* LaunchScreen.xib in Resources */,
				2D653A9B1B92CA0E00420E18 /* ScaredyShroom.png in Resources */,
				2D653AD11B92CA0E00420E18 /* ZombieLostHead.atlas in Resources */,
				2D653A821B92CA0E00420E18 /* Blover.png in Resources */,
				2D2A69341B9160A30021F8BF /* Images.xcassets in Resources */,
				2D653A891B92CA0E00420E18 /* FumeShroom.png in Resources */,
				2D653ABC1B92CA0E00420E18 /* ConeheadZombieAttack.atlas in Resources */,
				2D653A7E1B92CA0E00420E18 /* PVZBackground_5.jpg in Resources */,
				2DC8D6E51B93056B00EE2484 /* fp_grass.png in Resources */,
				2D653AD31B92CA0E00420E18 /* game1.mp3 in Resources */,
				2D653AAE1B92CA0E00420E18 /* sod1row.png in Resources */,
				2DC8D6E81B93056B00EE2484 /* fp_tag.png in Resources */,
				2D653AD21B92CA0E00420E18 /* ZombieLostHeadAttack.atlas in Resources */,
				2D653ABF1B92CA0E00420E18 /* FlagZombieLostHead.atlas in Resources */,
				2D653AC01B92CA0E00420E18 /* FlagZombieLostHeadAttack.atlas in Resources */,
				2D653A8A1B92CA0E00420E18 /* Garlic.png in Resources */,
				2D653A9F1B92CA0E00420E18 /* Card_Spikeweed.png in Resources */,
				2D2A69321B9160A30021F8BF /* Main.storyboard in Resources */,
				2D653AD01B92CA0E00420E18 /* ZombieHead.atlas in Resources */,
				2D653A941B92CA0E00420E18 /* Plantern.png in Resources */,
				2D653A961B92CA0E00420E18 /* Card_PotatoMine.png in Resources */,
				2D653AC71B92CA0E00420E18 /* PoleVaultingZombieLostHead.atlas in Resources */,
				2D653ACD1B92CA0E00420E18 /* Zombie3.atlas in Resources */,
				2D653AB81B92CA0E00420E18 /* BoomDie.atlas in Resources */,
				2D653AC11B92CA0E00420E18 /* PoleVaultingZombie.atlas in Resources */,
				2D653AC91B92CA0E00420E18 /* PoleVaultingZombieLostHeadWalk.atlas in Resources */,
				2D653AC81B92CA0E00420E18 /* PoleVaultingZombieLostHeadAttack.atlas in Resources */,
				2D653ACC1B92CA0E00420E18 /* Zombie.atlas in Resources */,
				2D653A7A1B92CA0E00420E18 /* PVZBackground_1.jpg in Resources */,
				2D653AB31B92CA0E00420E18 /* SnowPea.atlas in Resources */,
				2D653A811B92CA0E00420E18 /* PB_Normal.atlas in Resources */,
				2D653A8C1B92CA0E00420E18 /* GloomShroom.png in Resources */,
				2D653A9C1B92CA0E00420E18 /* SeaShroom.png in Resources */,
				2D653A831B92CA0E00420E18 /* Cactus.png in Resources */,
				2D653A8F1B92CA0E00420E18 /* IceShroom.png in Resources */,
				2D653AB71B92CA0E00420E18 /* Sun.atlas in Resources */,
				2D653AA31B92CA0E00420E18 /* Card_SunFlower.png in Resources */,
				2D653A861B92CA0E00420E18 /* CoffeeBean.png in Resources */,
				2D653AA91B92CA0E00420E18 /* TwinSunflower.png in Resources */,
				2D653ABE1B92CA0E00420E18 /* FlagZombieAttack.atlas in Resources */,
				2D653A7D1B92CA0E00420E18 /* PVZBackground_8.jpg in Resources */,
				2D653ACE1B92CA0E00420E18 /* ZombieAttack.atlas in Resources */,
				2DC8D6DD1B9304CC00EE2484 /* LoadingPage.png in Resources */,
				2D653A761B92CA0E00420E18 /* firstpage.jpg in Resources */,
				2D653AA51B92CA0E00420E18 /* TallNut.png in Resources */,
				2D653AD51B92CA0E00420E18 /* game3.mp3 in Resources */,
				2D653A7F1B92CA0E00420E18 /* PVZBackground_6.jpg in Resources */,
				2D653AB91B92CA0E00420E18 /* BucketheadZombie.atlas in Resources */,
				2D653AC21B92CA0E00420E18 /* PoleVaultingZombieAttack.atlas in Resources */,
			);
			runOnlyForDeploymentPostprocessing = 0;
		};
		2D2A693A1B9160A30021F8BF /* Resources */ = {
			isa = PBXResourcesBuildPhase;
			buildActionMask = 2147483647;
			files = (
			);
			runOnlyForDeploymentPostprocessing = 0;
		};
/* End PBXResourcesBuildPhase section */

/* Begin PBXSourcesBuildPhase section */
		2D2A691A1B9160A30021F8BF /* Sources */ = {
			isa = PBXSourcesBuildPhase;
			buildActionMask = 2147483647;
			files = (
				2D2A69271B9160A30021F8BF /* AppDelegate.m in Sources */,
				2D2A694F1B9168490021F8BF /* GameViewController.m in Sources */,
				2D62D6821B98809D00CF3059 /* PVZButton.m in Sources */,
				2D5D419C1BA1BFB500FFF763 /* PVZBackgroundNode.m in Sources */,
				2D653ADC1B92D25300420E18 /* PVZConfigration.m in Sources */,
				2D653ADF1B92D28B00420E18 /* PVZAudioPlayer.m in Sources */,
				2D5D41A61BA1C72400FFF763 /* PVZTollgate.m in Sources */,
				2D2A696B1B9170620021F8BF /* UIView+PVZ.m in Sources */,
				2D68E6301BA31029005145D5 /* PVZSunMenuNode.m in Sources */,
				2D5D41AD1BA1D2AD00FFF763 /* PVZCardItemNode.m in Sources */,
				2D2A69561B9168510021F8BF /* PVZRootScene.m in Sources */,
				2D62D6851B988B2A00CF3059 /* PVZProgressView.m in Sources */,
				2D68E6281BA304EB005145D5 /* PVZCardMenuNode.m in Sources */,
				2D2A69651B916EA30021F8BF /* SKScene+PVZ.m in Sources */,
				2D2A69241B9160A30021F8BF /* main.m in Sources */,
				2D2120DC1B99477D00C4F1D0 /* PVZAdventureModeScene.m in Sources */,
				2D5D41B01BA1D32A00FFF763 /* PVZCard.m in Sources */,
				2D653AE61B92DBD200420E18 /* common.m in Sources */,
			);
			runOnlyForDeploymentPostprocessing = 0;
		};
		2D2A69381B9160A30021F8BF /* Sources */ = {
			isa = PBXSourcesBuildPhase;
			buildActionMask = 2147483647;
			files = (
				2D2A69431B9160A30021F8BF /* PlantsVsZombiesTests.m in Sources */,
			);
			runOnlyForDeploymentPostprocessing = 0;
		};
/* End PBXSourcesBuildPhase section */

/* Begin PBXTargetDependency section */
		2D2A693E1B9160A30021F8BF /* PBXTargetDependency */ = {
			isa = PBXTargetDependency;
			target = 2D2A691D1B9160A30021F8BF /* PlantsVsZombies */;
			targetProxy = 2D2A693D1B9160A30021F8BF /* PBXContainerItemProxy */;
		};
/* End PBXTargetDependency section */

/* Begin PBXVariantGroup section */
		2D2A69301B9160A30021F8BF /* Main.storyboard */ = {
			isa = PBXVariantGroup;
			children = (
				2D2A69311B9160A30021F8BF /* Base */,
			);
			name = Main.storyboard;
			sourceTree = "<group>";
		};
		2D2A69351B9160A30021F8BF /* LaunchScreen.xib */ = {
			isa = PBXVariantGroup;
			children = (
				2D2A69361B9160A30021F8BF /* Base */,
			);
			name = LaunchScreen.xib;
			sourceTree = "<group>";
		};
/* End PBXVariantGroup section */

/* Begin XCBuildConfiguration section */
		2D2A69441B9160A30021F8BF /* Debug */ = {
			isa = XCBuildConfiguration;
			buildSettings = {
				ALWAYS_SEARCH_USER_PATHS = NO;
				CLANG_CXX_LANGUAGE_STANDARD = "gnu++0x";
				CLANG_CXX_LIBRARY = "libc++";
				CLANG_ENABLE_MODULES = YES;
				CLANG_ENABLE_OBJC_ARC = YES;
				CLANG_WARN_BOOL_CONVERSION = YES;
				CLANG_WARN_CONSTANT_CONVERSION = YES;
				CLANG_WARN_DIRECT_OBJC_ISA_USAGE = YES_ERROR;
				CLANG_WARN_EMPTY_BODY = YES;
				CLANG_WARN_ENUM_CONVERSION = YES;
				CLANG_WARN_INT_CONVERSION = YES;
				CLANG_WARN_OBJC_ROOT_CLASS = YES_ERROR;
				CLANG_WARN_UNREACHABLE_CODE = YES;
				CLANG_WARN__DUPLICATE_METHOD_MATCH = YES;
				"CODE_SIGN_IDENTITY[sdk=iphoneos*]" = "iPhone Developer";
				COPY_PHASE_STRIP = NO;
				DEBUG_INFORMATION_FORMAT = "dwarf-with-dsym";
				ENABLE_STRICT_OBJC_MSGSEND = YES;
				GCC_C_LANGUAGE_STANDARD = gnu99;
				GCC_DYNAMIC_NO_PIC = NO;
				GCC_NO_COMMON_BLOCKS = YES;
				GCC_OPTIMIZATION_LEVEL = 0;
				GCC_PREPROCESSOR_DEFINITIONS = (
					"DEBUG=1",
					"$(inherited)",
				);
				GCC_SYMBOLS_PRIVATE_EXTERN = NO;
				GCC_WARN_64_TO_32_BIT_CONVERSION = YES;
				GCC_WARN_ABOUT_RETURN_TYPE = YES_ERROR;
				GCC_WARN_UNDECLARED_SELECTOR = YES;
				GCC_WARN_UNINITIALIZED_AUTOS = YES_AGGRESSIVE;
				GCC_WARN_UNUSED_FUNCTION = YES;
				GCC_WARN_UNUSED_VARIABLE = YES;
				IPHONEOS_DEPLOYMENT_TARGET = 8.4;
				MTL_ENABLE_DEBUG_INFO = YES;
				ONLY_ACTIVE_ARCH = YES;
				SDKROOT = iphoneos;
			};
			name = Debug;
		};
		2D2A69451B9160A30021F8BF /* Release */ = {
			isa = XCBuildConfiguration;
			buildSettings = {
				ALWAYS_SEARCH_USER_PATHS = NO;
				CLANG_CXX_LANGUAGE_STANDARD = "gnu++0x";
				CLANG_CXX_LIBRARY = "libc++";
				CLANG_ENABLE_MODULES = YES;
				CLANG_ENABLE_OBJC_ARC = YES;
				CLANG_WARN_BOOL_CONVERSION = YES;
				CLANG_WARN_CONSTANT_CONVERSION = YES;
				CLANG_WARN_DIRECT_OBJC_ISA_USAGE = YES_ERROR;
				CLANG_WARN_EMPTY_BODY = YES;
				CLANG_WARN_ENUM_CONVERSION = YES;
				CLANG_WARN_INT_CONVERSION = YES;
				CLANG_WARN_OBJC_ROOT_CLASS = YES_ERROR;
				CLANG_WARN_UNREACHABLE_CODE = YES;
				CLANG_WARN__DUPLICATE_METHOD_MATCH = YES;
				"CODE_SIGN_IDENTITY[sdk=iphoneos*]" = "iPhone Developer";
				COPY_PHASE_STRIP = NO;
				DEBUG_INFORMATION_FORMAT = "dwarf-with-dsym";
				ENABLE_NS_ASSERTIONS = NO;
				ENABLE_STRICT_OBJC_MSGSEND = YES;
				GCC_C_LANGUAGE_STANDARD = gnu99;
				GCC_NO_COMMON_BLOCKS = YES;
				GCC_WARN_64_TO_32_BIT_CONVERSION = YES;
				GCC_WARN_ABOUT_RETURN_TYPE = YES_ERROR;
				GCC_WARN_UNDECLARED_SELECTOR = YES;
				GCC_WARN_UNINITIALIZED_AUTOS = YES_AGGRESSIVE;
				GCC_WARN_UNUSED_FUNCTION = YES;
				GCC_WARN_UNUSED_VARIABLE = YES;
				IPHONEOS_DEPLOYMENT_TARGET = 8.4;
				MTL_ENABLE_DEBUG_INFO = NO;
				SDKROOT = iphoneos;
				VALIDATE_PRODUCT = YES;
			};
			name = Release;
		};
		2D2A69471B9160A30021F8BF /* Debug */ = {
			isa = XCBuildConfiguration;
			buildSettings = {
				ASSETCATALOG_COMPILER_APPICON_NAME = AppIcon;
				GCC_PREFIX_HEADER = "$(SRCROOT)/PlantsVsZombies/PVZPrefixHeader.pch";
				INFOPLIST_FILE = PlantsVsZombies/Info.plist;
				LD_RUNPATH_SEARCH_PATHS = "$(inherited) @executable_path/Frameworks";
				PRODUCT_NAME = "$(TARGET_NAME)";
			};
			name = Debug;
		};
		2D2A69481B9160A30021F8BF /* Release */ = {
			isa = XCBuildConfiguration;
			buildSettings = {
				ASSETCATALOG_COMPILER_APPICON_NAME = AppIcon;
				GCC_PREFIX_HEADER = "$(SRCROOT)/PlantsVsZombies/PVZPrefixHeader.pch";
				INFOPLIST_FILE = PlantsVsZombies/Info.plist;
				LD_RUNPATH_SEARCH_PATHS = "$(inherited) @executable_path/Frameworks";
				PRODUCT_NAME = "$(TARGET_NAME)";
			};
			name = Release;
		};
		2D2A694A1B9160A30021F8BF /* Debug */ = {
			isa = XCBuildConfiguration;
			buildSettings = {
				BUNDLE_LOADER = "$(TEST_HOST)";
				FRAMEWORK_SEARCH_PATHS = (
					"$(SDKROOT)/Developer/Library/Frameworks",
					"$(inherited)",
				);
				GCC_PREPROCESSOR_DEFINITIONS = (
					"DEBUG=1",
					"$(inherited)",
				);
				INFOPLIST_FILE = PlantsVsZombiesTests/Info.plist;
				LD_RUNPATH_SEARCH_PATHS = "$(inherited) @executable_path/Frameworks @loader_path/Frameworks";
				PRODUCT_NAME = "$(TARGET_NAME)";
				TEST_HOST = "$(BUILT_PRODUCTS_DIR)/PlantsVsZombies.app/PlantsVsZombies";
			};
			name = Debug;
		};
		2D2A694B1B9160A30021F8BF /* Release */ = {
			isa = XCBuildConfiguration;
			buildSettings = {
				BUNDLE_LOADER = "$(TEST_HOST)";
				FRAMEWORK_SEARCH_PATHS = (
					"$(SDKROOT)/Developer/Library/Frameworks",
					"$(inherited)",
				);
				INFOPLIST_FILE = PlantsVsZombiesTests/Info.plist;
				LD_RUNPATH_SEARCH_PATHS = "$(inherited) @executable_path/Frameworks @loader_path/Frameworks";
				PRODUCT_NAME = "$(TARGET_NAME)";
				TEST_HOST = "$(BUILT_PRODUCTS_DIR)/PlantsVsZombies.app/PlantsVsZombies";
			};
			name = Release;
		};
/* End XCBuildConfiguration section */

/* Begin XCConfigurationList section */
		2D2A69191B9160A30021F8BF /* Build configuration list for PBXProject "PlantsVsZombies" */ = {
			isa = XCConfigurationList;
			buildConfigurations = (
				2D2A69441B9160A30021F8BF /* Debug */,
				2D2A69451B9160A30021F8BF /* Release */,
			);
			defaultConfigurationIsVisible = 0;
			defaultConfigurationName = Release;
		};
		2D2A69461B9160A30021F8BF /* Build configuration list for PBXNativeTarget "PlantsVsZombies" */ = {
			isa = XCConfigurationList;
			buildConfigurations = (
				2D2A69471B9160A30021F8BF /* Debug */,
				2D2A69481B9160A30021F8BF /* Release */,
			);
			defaultConfigurationIsVisible = 0;
			defaultConfigurationName = Release;
		};
		2D2A69491B9160A30021F8BF /* Build configuration list for PBXNativeTarget "PlantsVsZombiesTests" */ = {
			isa = XCConfigurationList;
			buildConfigurations = (
				2D2A694A1B9160A30021F8BF /* Debug */,
				2D2A694B1B9160A30021F8BF /* Release */,
			);
			defaultConfigurationIsVisible = 0;
			defaultConfigurationName = Release;
		};
/* End XCConfigurationList section */
	};
	rootObject = 2D2A69161B9160A30021F8BF /* Project object */;
}
